<Solution>
  <Project Path="AbstractFactoryDesignPattern/AbstractFactoryDesignPattern.csproj" Id="fdae1230-efab-4b33-b118-cc0c7d40a535" />
  <Project Path="FactoryDesignPattern/FactoryDesignPattern.csproj" />
  <Project Path="FactoryDesignPatternRealTimeExamples/FactoryDesignPatternRealTimeExamples.csproj" />
  <Project Path="FactoryMethodDesignPattern/FactoryMethodDesignPattern.csproj" />
  <Project Path="FactoryMethodDesignPatternRealTimeExample/FactoryMethodDesignPatternRealTimeExample.csproj" />
</Solution>
